# This file is automatically @generated by Cargo.
# It is not intended for manual editing.
version = 4

[[package]]
name = "advent_of_code_2025"
version = "0.1.0"
dependencies = [
 "ris_error",
 "ris_log",
]

[[package]]
name = "ris_error"
version = "0.1.0"
dependencies = [
 "ris_log",
]

[[package]]
name = "ris_log"
version = "0.1.0"
